{
  "version": "2",
  "remote": {
    "https://deno.land/std@0.180.0/_util/asserts.ts": "178dfc49a464aee693a7e285567b3d0b555dc805ff490505a8aae34f9cfb1462",
    "https://deno.land/std@0.180.0/_util/os.ts": "d932f56d41e4f6a6093d56044e29ce637f8dcc43c5a90af43504a889cf1775e3",
    "https://deno.land/std@0.180.0/fs/_util.ts": "65381f341af1ff7f40198cee15c20f59951ac26e51ddc651c5293e24f9ce6f32",
    "https://deno.land/std@0.180.0/fs/ensure_dir.ts": "dc64c4c75c64721d4e3fb681f1382f803ff3d2868f08563ff923fdd20d071c40",
    "https://deno.land/std@0.180.0/path/_constants.ts": "e49961f6f4f48039c0dfed3c3f93e963ca3d92791c9d478ac5b43183413136e0",
    "https://deno.land/std@0.180.0/path/_interface.ts": "6471159dfbbc357e03882c2266d21ef9afdb1e4aa771b0545e90db58a0ba314b",
    "https://deno.land/std@0.180.0/path/_util.ts": "d7abb1e0dea065f427b89156e28cdeb32b045870acdf865833ba808a73b576d0",
    "https://deno.land/std@0.180.0/path/common.ts": "ee7505ab01fd22de3963b64e46cff31f40de34f9f8de1fff6a1bd2fe79380000",
    "https://deno.land/std@0.180.0/path/glob.ts": "d479e0a695621c94d3fd7fe7abd4f9499caf32a8de13f25073451c6ef420a4e1",
    "https://deno.land/std@0.180.0/path/mod.ts": "4b83694ac500d7d31b0cdafc927080a53dc0c3027eb2895790fb155082b0d232",
    "https://deno.land/std@0.180.0/path/posix.ts": "8b7c67ac338714b30c816079303d0285dd24af6b284f7ad63da5b27372a2c94d",
    "https://deno.land/std@0.180.0/path/separator.ts": "0fb679739d0d1d7bf45b68dacfb4ec7563597a902edbaf3c59b50d5bcadd93b1",
    "https://deno.land/std@0.180.0/path/win32.ts": "d186344e5583bcbf8b18af416d13d82b35a317116e6460a5a3953508c3de5bba",
    "https://deno.land/std@0.192.0/_util/asserts.ts": "178dfc49a464aee693a7e285567b3d0b555dc805ff490505a8aae34f9cfb1462",
    "https://deno.land/std@0.192.0/_util/os.ts": "d932f56d41e4f6a6093d56044e29ce637f8dcc43c5a90af43504a889cf1775e3",
    "https://deno.land/std@0.192.0/async/abortable.ts": "fd682fa46f3b7b16b4606a5ab52a7ce309434b76f820d3221bdfb862719a15d7",
    "https://deno.land/std@0.192.0/async/deadline.ts": "58f72a3cc0fcb731b2cc055ba046f4b5be3349ff6bf98f2e793c3b969354aab2",
    "https://deno.land/std@0.192.0/async/debounce.ts": "adab11d04ca38d699444ac8a9d9856b4155e8dda2afd07ce78276c01ea5a4332",
    "https://deno.land/std@0.192.0/async/deferred.ts": "42790112f36a75a57db4a96d33974a936deb7b04d25c6084a9fa8a49f135def8",
    "https://deno.land/std@0.192.0/async/delay.ts": "73aa04cec034c84fc748c7be49bb15cac3dd43a57174bfdb7a4aec22c248f0dd",
    "https://deno.land/std@0.192.0/async/mod.ts": "f04344fa21738e5ad6bea37a6bfffd57c617c2d372bb9f9dcfd118a1b622e576",
    "https://deno.land/std@0.192.0/async/mux_async_iterator.ts": "70c7f2ee4e9466161350473ad61cac0b9f115cff4c552eaa7ef9d50c4cbb4cc9",
    "https://deno.land/std@0.192.0/async/pool.ts": "f1b8d3df4d7fd3c73f8cbc91cc2e8b8e950910f1eab94230b443944d7584c657",
    "https://deno.land/std@0.192.0/async/retry.ts": "6521c061a5ab24e8b1ae624bdc581c4243d1d574f99dc7f5a2a195c2241fb1b8",
    "https://deno.land/std@0.192.0/async/tee.ts": "47e42d35f622650b02234d43803d0383a89eb4387e1b83b5a40106d18ae36757",
    "https://deno.land/std@0.192.0/bytes/bytes_list.ts": "31d664f4d42fa922066405d0e421c56da89d751886ee77bbe25a88bf0310c9d0",
    "https://deno.land/std@0.192.0/bytes/concat.ts": "d26d6f3d7922e6d663dacfcd357563b7bf4a380ce5b9c2bbe0c8586662f25ce2",
    "https://deno.land/std@0.192.0/bytes/copy.ts": "939d89e302a9761dcf1d9c937c7711174ed74c59eef40a1e4569a05c9de88219",
    "https://deno.land/std@0.192.0/bytes/ends_with.ts": "4228811ebc71615d27f065c54b5e815ec1972538772b0f413c0efe05245b472e",
    "https://deno.land/std@0.192.0/bytes/equals.ts": "b87494ce5442dc786db46f91378100028c402f83a14a2f7bbff6bda7810aefe3",
    "https://deno.land/std@0.192.0/bytes/includes_needle.ts": "76a8163126fb2f8bf86fd7f22192c3bb04bf6a20b987a095127c2ca08adf3ba6",
    "https://deno.land/std@0.192.0/bytes/index_of_needle.ts": "65c939607df609374c4415598fa4dad04a2f14c4d98cd15775216f0aaf597f24",
    "https://deno.land/std@0.192.0/bytes/last_index_of_needle.ts": "7181072883cb4908c6ce8f7a5bb1d96787eef2c2ab3aa94fe4268ab326a53cbf",
    "https://deno.land/std@0.192.0/bytes/mod.ts": "e869bba1e7a2e3a9cc6c2d55471888429a544e70a840c087672e656e7ba21815",
    "https://deno.land/std@0.192.0/bytes/repeat.ts": "6f5e490d8d72bcbf8d84a6bb04690b9b3eb5822c5a11687bca73a2318a842294",
    "https://deno.land/std@0.192.0/bytes/starts_with.ts": "3e607a70c9c09f5140b7a7f17a695221abcc7244d20af3eb47ccbb63f5885135",
    "https://deno.land/std@0.192.0/encoding/base64.ts": "144ae6234c1fbe5b68666c711dc15b1e9ee2aef6d42b3b4345bf9a6c91d70d0d",
    "https://deno.land/std@0.192.0/flags/mod.ts": "17f444ddbee43c5487568de0c6a076c7729cfe90d96d2ffcd2b8f8adadafb6e8",
    "https://deno.land/std@0.192.0/fmt/colors.ts": "d67e3cd9f472535241a8e410d33423980bec45047e343577554d3356e1f0ef4e",
    "https://deno.land/std@0.192.0/fs/_util.ts": "fbf57dcdc9f7bc8128d60301eece608246971a7836a3bb1e78da75314f08b978",
    "https://deno.land/std@0.192.0/fs/ensure_dir.ts": "dc64c4c75c64721d4e3fb681f1382f803ff3d2868f08563ff923fdd20d071c40",
    "https://deno.land/std@0.192.0/http/server.ts": "1b23463b5b36e4eebc495417f6af47a6f7d52e3294827a1226d2a1aab23d9d20",
    "https://deno.land/std@0.192.0/jsonc/mod.ts": "b88dce28eb3645667caa856538ae2fe87af51410822544a0b45a4177ef3bd7dd",
    "https://deno.land/std@0.192.0/jsonc/parse.ts": "2910e33bc7c3b243e3b6f3a39ce4d6ca84337b277a8df6f2ad2d9e4adbcddc08",
    "https://deno.land/std@0.192.0/path/_constants.ts": "e49961f6f4f48039c0dfed3c3f93e963ca3d92791c9d478ac5b43183413136e0",
    "https://deno.land/std@0.192.0/path/_interface.ts": "6471159dfbbc357e03882c2266d21ef9afdb1e4aa771b0545e90db58a0ba314b",
    "https://deno.land/std@0.192.0/path/_util.ts": "d7abb1e0dea065f427b89156e28cdeb32b045870acdf865833ba808a73b576d0",
    "https://deno.land/std@0.192.0/path/common.ts": "ee7505ab01fd22de3963b64e46cff31f40de34f9f8de1fff6a1bd2fe79380000",
    "https://deno.land/std@0.192.0/path/glob.ts": "d479e0a695621c94d3fd7fe7abd4f9499caf32a8de13f25073451c6ef420a4e1",
    "https://deno.land/std@0.192.0/path/mod.ts": "f065032a7189404fdac3ad1a1551a9ac84751d2f25c431e101787846c86c79ef",
    "https://deno.land/std@0.192.0/path/posix.ts": "8b7c67ac338714b30c816079303d0285dd24af6b284f7ad63da5b27372a2c94d",
    "https://deno.land/std@0.192.0/path/separator.ts": "0fb679739d0d1d7bf45b68dacfb4ec7563597a902edbaf3c59b50d5bcadd93b1",
    "https://deno.land/std@0.192.0/path/win32.ts": "d186344e5583bcbf8b18af416d13d82b35a317116e6460a5a3953508c3de5bba",
    "https://deno.land/x/aleph@1.0.0-beta.44/framework/core/error.ts": "65b0dfaef2e8a77f857fdb6b953c4306d88af01690615bd8fb1a3570e336b255",
    "https://deno.land/x/aleph@1.0.0-beta.44/framework/core/events.ts": "d1d3d6a41a85bcaba8b624646c199736f5995108e3ac87d159e78832ea51efbd",
    "https://deno.land/x/aleph@1.0.0-beta.44/framework/core/redirect.ts": "b65f0cafdca115b41e6e1499e420655ea55d1f3c140e0784d640de59e3606185",
    "https://deno.land/x/aleph@1.0.0-beta.44/framework/core/router.ts": "cb5c1f3ed0d25578d4ec26491e5554992af5b7765ee5852a390b3785085f52d0",
    "https://deno.land/x/aleph@1.0.0-beta.44/framework/core/url_pattern.ts": "d218c6fe81646adb0dc164b7515a4eff959f4b64b975bfc2ee7696cb0864a3a3",
    "https://deno.land/x/aleph@1.0.0-beta.44/framework/react/client.ts": "f4ca7bc5b6f18faa4faae864cbd1b27cc000474f830d3066fe0f38e7823c5e92",
    "https://deno.land/x/aleph@1.0.0-beta.44/framework/react/context.ts": "ca3efebc3f1db76725969d8178e405e635c2825665b9b8573133c4ed63f3e2a4",
    "https://deno.land/x/aleph@1.0.0-beta.44/framework/react/data.ts": "4987ca0fc9fae3cbb61982c9136f2658173bd7971f7dcbc7e881a4b62d71e701",
    "https://deno.land/x/aleph@1.0.0-beta.44/framework/react/error.ts": "b5c784b1a3fac7d550b82780dd5ba4ff8d64a1293559ec7ec702e2905a4915a2",
    "https://deno.land/x/aleph@1.0.0-beta.44/framework/react/head.ts": "0bb40ded9a5e83371c6d43f6e3ecb6b506ce9b2eb9e2b13d6a4a86f62f269efa",
    "https://deno.land/x/aleph@1.0.0-beta.44/framework/react/link.ts": "d31aaff82526fb760b46e17212e07632398660a38d18fd82dec97baf533e709e",
    "https://deno.land/x/aleph@1.0.0-beta.44/framework/react/mod.ts": "8ae50b9efe8c0c6e9e4e076e3c5bd428c4c1e6645ff4c57e35935abdfa2266f4",
    "https://deno.land/x/aleph@1.0.0-beta.44/framework/react/plugin.ts": "cf0dbb9d5a30d2fd0a683f93dfd41fd41c0aa40d9bcb4d21ebedf949c6d23ac5",
    "https://deno.land/x/aleph@1.0.0-beta.44/framework/react/portal.ts": "57bffcf10ad1d1badc5ece9a1859ecbe2d22c4ddc86519d3e2e067c114ec436f",
    "https://deno.land/x/aleph@1.0.0-beta.44/framework/react/router.ts": "52c7cfb8020fafb3ce7c0855c76243870b8ce21d609ee7007e2a95ca32f0d859",
    "https://deno.land/x/aleph@1.0.0-beta.44/plugins/deploy.ts": "28f7d6059bf5fae09dca1817e16c133529544a2c908e56235ab5bdbd9e7a38f7",
    "https://deno.land/x/aleph@1.0.0-beta.44/server/build.ts": "9d165ff118e0652cb345e983de239c24760fc97960f5826fa4d40d7af06b6641",
    "https://deno.land/x/aleph@1.0.0-beta.44/server/cache.ts": "1f1118d4efa440a6c2ad1c55a98357e1d1406aefc40bdef5c102fa8969076cf2",
    "https://deno.land/x/aleph@1.0.0-beta.44/server/context.ts": "cd865dcaeb23703337e3d05908bbf9b5a068b3dfde6512cb7373cba540a3f8f6",
    "https://deno.land/x/aleph@1.0.0-beta.44/server/deps.ts": "766e991462a4c9958669ee25adf42e4065b25cd95b2ef3135609c05f23e752d0",
    "https://deno.land/x/aleph@1.0.0-beta.44/server/dev.ts": "dbd6fc2f52407ae2be19fbfd2da331ef42a0c68064badda3efadab5a1a9a6e27",
    "https://deno.land/x/aleph@1.0.0-beta.44/server/graph.ts": "15ca091aab1e06bef77508ce50c6010fe4e8d41653fba9529f9116657173d607",
    "https://deno.land/x/aleph@1.0.0-beta.44/server/handler.ts": "eb51c8f05ed44747d8c7e26921fc11a9146b220abe863f9852a8829e59016366",
    "https://deno.land/x/aleph@1.0.0-beta.44/server/helpers.ts": "3933d428b8f6eca1fe70cbbad1bbce068b27da32500f7185208558d687eb3820",
    "https://deno.land/x/aleph@1.0.0-beta.44/server/html.ts": "bb73e4b947b8883535795604434e8180edf97e27e4e4c1296d6fe59f4fa4eb24",
    "https://deno.land/x/aleph@1.0.0-beta.44/server/log.ts": "9c7abad7015f0dbd421cb1ec090da9e67f9854c8c0c5bef4d3b1202a6ab0af95",
    "https://deno.land/x/aleph@1.0.0-beta.44/server/media_type.ts": "2bce52b8eb4378b6a50f86130d644f0cfca1d43d5d6999debbbc8fe464891fc4",
    "https://deno.land/x/aleph@1.0.0-beta.44/server/mod.ts": "0a84dc1411ba6d99514416b4d066cf6421d7ea5a86e113b1bbe473ac7fd154f1",
    "https://deno.land/x/aleph@1.0.0-beta.44/server/renderer.ts": "90e396873cf76c75322552087998ab49ed07312e9a39f481986a74f40d053316",
    "https://deno.land/x/aleph@1.0.0-beta.44/server/router.ts": "16aa94bce034496b07cbfaf94d91aab5b9f9d87ff014bc3a4676f5d80dfaaeaf",
    "https://deno.land/x/aleph@1.0.0-beta.44/server/session.ts": "3e7720800601fbec15e6647ee893421e761a2fe054e79e1c12c4c5106259eac1",
    "https://deno.land/x/aleph@1.0.0-beta.44/server/transformer.ts": "e230a6d23d8a737447233fe3ca1efa4ec3960f367aaeadd92729a71e82b178c2",
    "https://deno.land/x/aleph@1.0.0-beta.44/shared/util.ts": "05b9c60ccb2216150f049615d185cc4a0bdd54829820a5ddc6f82641b4d4ff4f",
    "https://deno.land/x/aleph@1.0.0-beta.44/version.ts": "c735281d072759e60019fba2cb923e860e496c76998e9131ac4c8b5ea2694fd8",
    "https://deno.land/x/aleph_compiler@0.9.3/dist/compiler.js": "06518b3d7d4e2489c2425e824c107e96a0d08a53100b84ed0bc098f64ba575f2",
    "https://deno.land/x/aleph_compiler@0.9.3/dist/wasm.js": "89fb290e363a5dda5b77020c78b008700781dfc9dc2d445d1fc8c8bf1f1aaea1",
    "https://deno.land/x/aleph_compiler@0.9.3/mod.ts": "4e5bf63998a1d8293a98f7c2fd723e5768129b4421e00f47e504bb0cfd2312f8",
    "https://deno.land/x/aleph_compiler@0.9.3/types.ts": "83912306f6e51a1cb25723b982a2a4487efd66ac182447c07d5e2f074329366a",
    "https://deno.land/x/aleph_compiler@0.9.3/version.ts": "e094b6bae495fb6c416d822cdd9f136ee1ecc3f0669ce2c5a8a1b5c2e802bcf0",
    "https://deno.land/x/denoflate@1.2.1/mod.ts": "f5628e44b80b3d80ed525afa2ba0f12408e3849db817d47a883b801f9ce69dd6",
    "https://deno.land/x/denoflate@1.2.1/pkg/denoflate.js": "b9f9ad9457d3f12f28b1fb35c555f57443427f74decb403113d67364e4f2caf4",
    "https://deno.land/x/denoflate@1.2.1/pkg/denoflate_bg.wasm.js": "d581956245407a2115a3d7e8d85a9641c032940a8e810acbd59ca86afd34d44d",
    "https://deno.land/x/esbuild@v0.17.12/mod.js": "8e93e1a2ac8c86aa7160383f2474e189b47783c21a8930e0669523925e65aac5",
    "https://deno.land/x/lol_html@0.0.6/lol_html.js": "efa396ae3506f40d81af8917b2a04c955550f738774e5ba5e3d2f9b10bb3bd02",
    "https://deno.land/x/lol_html@0.0.6/mod.ts": "308001155134d2b3d65f55d25eada007c88aa01b5c4866ac02c59953c83563f2",
    "https://deno.land/x/lol_html@0.0.6/wasm.js": "74a2424ff8f77439c465e5bcac6a347095c3b3580e76211ce4a6c140a2e15c3f",
    "https://esm.sh/@mui/material@5.14.4/Link": "759b1d7a7de18804f440b54ce9b047355257a57eff6a62c321d3dd6eee644a5b",
    "https://esm.sh/mitt@3.0.0?pin=v110": "ff6ea0dd8ec7614753aa23d879248fb147f78b31c844ae07eb31c247d60f8004",
    "https://esm.sh/stable/react@18.2.0/denonext/jsx-runtime.js": "54d8a51c6ca025380abd2d5302e4a9b38ff835d9759c4657e52314f587eaf6bf",
    "https://esm.sh/stable/react@18.2.0/denonext/react.mjs": "3c4f23bcfc53b256fcfaf6f834fa9f584c3bb7be667b2682c6cb6ba8ef88f8e6",
    "https://esm.sh/v110/mitt@3.0.0/denonext/mitt.mjs": "4afe21572fb471e15f6a9b7f139bcd12fdbc2e730e0f3e15eadb7d19e18a12f8",
    "https://esm.sh/v126/mitt@3.0.0": "41ca510c85d0aaee3ab7c09273a4f394afff976a14398c1611037b82c24e0a21",
    "https://esm.sh/v126/mitt@3.0.0/denonext/mitt.mjs": "4afe21572fb471e15f6a9b7f139bcd12fdbc2e730e0f3e15eadb7d19e18a12f8",
    "https://esm.sh/v130/@babel/runtime@7.22.10/denonext/helpers/esm/extends.js": "0cf50a7b417dc8c5afd6fce900e6ea618e3a3625150f77690034da3813644736",
    "https://esm.sh/v130/@babel/runtime@7.22.10/denonext/helpers/esm/objectWithoutPropertiesLoose.js": "86ac1051ef397fc7ed11f92eba8c42df66e6029e3650471383f65daa25a96daa",
    "https://esm.sh/v130/@babel/runtime@7.22.6/denonext/helpers/esm/extends.js": "5c0c0785a3d65062a3a56391e45b6330ebf4abb153d422b55eb524cbc60fdcad",
    "https://esm.sh/v130/@babel/runtime@7.22.6/denonext/helpers/extends.js": "73142ab9b2860f6b7ef6b1319391d3d4dd8f4e8021b44498e25cee8c1a04597b",
    "https://esm.sh/v130/@emotion/cache@11.11.0/denonext/cache.mjs": "6b255ac276767328fc9326e0f86a2752bc4320dddcaf9be8efc622be6ff4bb74",
    "https://esm.sh/v130/@emotion/hash@0.9.1/denonext/hash.mjs": "053b2641767105d296dd83499c10299221f68e4e09d2394bdd53db0080a7ce7d",
    "https://esm.sh/v130/@emotion/is-prop-valid@1.2.1/denonext/is-prop-valid.mjs": "fea50e4c0b9707f9a83be673a9693c725ea32f25fa2be07f0557856f3405902d",
    "https://esm.sh/v130/@emotion/memoize@0.8.1/denonext/memoize.mjs": "e40cb7a1d1dabc5a5873911b1f3551571e85b9401028540fea356a671a4d7e4f",
    "https://esm.sh/v130/@emotion/react@11.11.1/denonext/react.mjs": "c8066eb6b52bb305285f64021ccd3f3e14d0c35b807985a8888b81e38a551aa0",
    "https://esm.sh/v130/@emotion/serialize@1.1.2/denonext/serialize.mjs": "93be1d3079b95fe85af45d56dd0d8392a19e9dcccca791efd39d61c8e0517881",
    "https://esm.sh/v130/@emotion/sheet@1.2.2/denonext/sheet.mjs": "7c7bff0c59a399c3f13e903c7ca41cc7a97c1e2ada8e9b9c3cafe0eba464096d",
    "https://esm.sh/v130/@emotion/styled@11.11.0/denonext/styled.mjs": "5c28b955f1b7cc7664df200dbf91571d968803339c8b488815a92556f5ec6adf",
    "https://esm.sh/v130/@emotion/unitless@0.8.1/denonext/unitless.mjs": "8a91ddf8c10553143e87b383d23d9334637f36cccb930d7d65990f8002a6c091",
    "https://esm.sh/v130/@emotion/use-insertion-effect-with-fallbacks@1.0.1/denonext/use-insertion-effect-with-fallbacks.mjs": "0587bd1c5ce2af35fdaa4c388a3c98d7fa6b091e03d9a49ee297b6b4b942d5b2",
    "https://esm.sh/v130/@emotion/utils@1.2.1/denonext/utils.mjs": "5f6e36b10f6dd17b64c30a1b49079d5d024cff498e7900e6468b8ee93342004c",
    "https://esm.sh/v130/@emotion/weak-memoize@0.3.1/denonext/weak-memoize.mjs": "05e059e6f679168e597ee6b0dace8503031f54678460fc5f366025f40199e18e",
    "https://esm.sh/v130/@mui/base@5.0.0-beta.10/denonext/composeClasses.js": "6b5a18fdee9ce3447877d4576a3f3f27a20831a2408a491648248bf03c0cfa60",
    "https://esm.sh/v130/@mui/material@5.14.4/denonext/Link.js": "5d00fffd1b931f734b96dc2642aeac450ec18ec945abbbcd4cb57008c3de6dd5",
    "https://esm.sh/v130/@mui/private-theming@5.14.4/denonext/private-theming.mjs": "3689d5d90c54784b08097a43873ba970debfae65059720956f6421d7e7fcafab",
    "https://esm.sh/v130/@mui/styled-engine@5.13.2/denonext/styled-engine.mjs": "2ec6dc2c2eae84819a45f896bd6a3413ae86fc102ce53164261feba19ca21e9c",
    "https://esm.sh/v130/@mui/system@5.14.4/denonext/system.mjs": "a678eb1e32b250c4f853d50a45a512ced16ece1623bf000ba5a861d3a88db42f",
    "https://esm.sh/v130/@mui/utils@5.14.4/denonext/utils.mjs": "498e8ee3b7b0e1c50cbdbf25c5e92b3c1bbe13cf4b21c2d558604a992ba29a8c",
    "https://esm.sh/v130/clsx@2.0.0/denonext/clsx.mjs": "22bc9172d20c3760ff044850988890c5298a28f114423535958fe7a0185b15d9",
    "https://esm.sh/v130/hoist-non-react-statics@3.3.2/denonext/hoist-non-react-statics.mjs": "c05feb6fdf22ab54a19cde5f4f555b4407bdce8073ac354981edeca9a7d73728",
    "https://esm.sh/v130/prop-types@15.8.1/denonext/prop-types.mjs": "c4ce53e88327d3911a960c3f34e76f114fce31a9e45139427a0df4fad24c1bd5",
    "https://esm.sh/v130/react-dom@18.2.0/client": "723a0a34ac569ff92111b96af9ca933404079da403fb59592b600c4788003073",
    "https://esm.sh/v130/react-dom@18.2.0/denonext/client.js": "13434dd6d92d0ffac47fb3f4a74795209fb2f8d2b1542cb9883426bd8bc7c6f3",
    "https://esm.sh/v130/react-dom@18.2.0/denonext/react-dom.mjs": "8aa8437540c919bff82136aa96a2a9994215e41981228e4a87ee66cc10b75ab8",
    "https://esm.sh/v130/react-dom@18.2.0/denonext/server.js": "0460557cf83e61c275692fc0b9b22837cad662db116c048e354eac3109f8b326",
    "https://esm.sh/v130/react-dom@18.2.0/server": "a356014fe905a58b1da74149b1981d714a06338ce52f81cc07afc0946747ed76",
    "https://esm.sh/v130/react-is@16.13.1/denonext/react-is.mjs": "4fc2bb5cfecb53c0f28cd7b730101ff83c05ca06fdd373bc2d6a9bdf662f96d4",
    "https://esm.sh/v130/react-is@18.2.0/denonext/react-is.mjs": "07ca6a7473ccbb06466e805c8253ade80bd664a0f486cf020864c22c27a60479",
    "https://esm.sh/v130/react@18.2.0": "04ad7dc6d11fa27b24c136686a334ecdd19e972fae627cd98cbdc13cdac238c2",
    "https://esm.sh/v130/react@18.2.0/jsx-runtime": "aa011b336e339e6eaacc89787e7e3d6eb726b3701d9f8ac7fcd01db1595357cb",
    "https://esm.sh/v130/scheduler@0.23.0/denonext/scheduler.mjs": "cdbc6d2823e2c6fffcb14501146ff2602a38c48d3c9dd9268f308e833ede2b49",
    "https://esm.sh/v130/stylis@4.2.0/denonext/stylis.mjs": "21dd91d4c7766307f6821cab35c798dec8d87b8212c37d82a4897b6e3405b96d"
  },
  "npm": {
    "specifiers": {
      "@mui/material@5.14.4": "@mui/material@5.14.4_react@18.2.0_react-dom@18.2.0__react@18.2.0"
    },
    "packages": {
      "@babel/runtime@7.22.10": {
        "integrity": "sha512-21t/fkKLMZI4pqP2wlmsQAWnYW1PDyKyyUV4vCi+B25ydmdaYTKXPwCj0BzSUnZf4seIiYvSA3jcZ3gdsMFkLQ==",
        "dependencies": {
          "regenerator-runtime": "regenerator-runtime@0.14.0"
        }
      },
      "@emotion/cache@11.11.0": {
        "integrity": "sha512-P34z9ssTCBi3e9EI1ZsWpNHcfY1r09ZO0rZbRO2ob3ZQMnFI35jB536qoXbkdesr5EUhYi22anuEJuyxifaqAQ==",
        "dependencies": {
          "@emotion/memoize": "@emotion/memoize@0.8.1",
          "@emotion/sheet": "@emotion/sheet@1.2.2",
          "@emotion/utils": "@emotion/utils@1.2.1",
          "@emotion/weak-memoize": "@emotion/weak-memoize@0.3.1",
          "stylis": "stylis@4.2.0"
        }
      },
      "@emotion/is-prop-valid@1.2.1": {
        "integrity": "sha512-61Mf7Ufx4aDxx1xlDeOm8aFFigGHE4z+0sKCa+IHCeZKiyP9RLD0Mmx7m8b9/Cf37f7NAvQOOJAbQQGVr5uERw==",
        "dependencies": {
          "@emotion/memoize": "@emotion/memoize@0.8.1"
        }
      },
      "@emotion/memoize@0.8.1": {
        "integrity": "sha512-W2P2c/VRW1/1tLox0mVUalvnWXxavmv/Oum2aPsRcoDJuob75FC3Y8FbpfLwUegRcxINtGUMPq0tFCvYNTBXNA==",
        "dependencies": {}
      },
      "@emotion/sheet@1.2.2": {
        "integrity": "sha512-0QBtGvaqtWi+nx6doRwDdBIzhNdZrXUppvTM4dtZZWEGTXL/XE/yJxLMGlDT1Gt+UHH5IX1n+jkXyytE/av7OA==",
        "dependencies": {}
      },
      "@emotion/utils@1.2.1": {
        "integrity": "sha512-Y2tGf3I+XVnajdItskUCn6LX+VUDmP6lTL4fcqsXAv43dnlbZiuW4MWQW38rW/BVWSE7Q/7+XQocmpnRYILUmg==",
        "dependencies": {}
      },
      "@emotion/weak-memoize@0.3.1": {
        "integrity": "sha512-EsBwpc7hBUJWAsNPBmJy4hxWx12v6bshQsldrVmjxJoc3isbxhOrF2IcCpaXxfvq03NwkI7sbsOLXbYuqF/8Ww==",
        "dependencies": {}
      },
      "@mui/base@5.0.0-beta.10_react@18.2.0_react-dom@18.2.0__react@18.2.0": {
        "integrity": "sha512-moTAhGwFfQffj7hsu61FnqcGqVcd53A1CrOhnskM9TF0Uh2rnLDMCuar4JRUWWpaJofAfQEbQBBFPadFQLI4PA==",
        "dependencies": {
          "@babel/runtime": "@babel/runtime@7.22.10",
          "@emotion/is-prop-valid": "@emotion/is-prop-valid@1.2.1",
          "@mui/types": "@mui/types@7.2.4",
          "@mui/utils": "@mui/utils@5.14.4_react@18.2.0",
          "@popperjs/core": "@popperjs/core@2.11.8",
          "clsx": "clsx@2.0.0",
          "prop-types": "prop-types@15.8.1",
          "react": "react@18.2.0",
          "react-dom": "react-dom@18.2.0_react@18.2.0",
          "react-is": "react-is@18.2.0"
        }
      },
      "@mui/core-downloads-tracker@5.14.4": {
        "integrity": "sha512-pW2XghSi3hpYKX57Wu0SCWMTSpzvXZmmucj3TcOJWaCiFt4xr05w2gcwBZi36dAp9uvd9//9N51qbblmnD+GPg==",
        "dependencies": {}
      },
      "@mui/material@5.14.4_react@18.2.0_react-dom@18.2.0__react@18.2.0": {
        "integrity": "sha512-2XUV3KyRC07BQPPzEgd+ss3x/ezXtHeKtOGCMCNmx3MauZojPYUpSwFkE0fYgYCD9dMQMVG4DY/VF38P0KShsg==",
        "dependencies": {
          "@babel/runtime": "@babel/runtime@7.22.10",
          "@mui/base": "@mui/base@5.0.0-beta.10_react@18.2.0_react-dom@18.2.0__react@18.2.0",
          "@mui/core-downloads-tracker": "@mui/core-downloads-tracker@5.14.4",
          "@mui/system": "@mui/system@5.14.4_react@18.2.0",
          "@mui/types": "@mui/types@7.2.4",
          "@mui/utils": "@mui/utils@5.14.4_react@18.2.0",
          "@types/react-transition-group": "@types/react-transition-group@4.4.6",
          "clsx": "clsx@2.0.0",
          "csstype": "csstype@3.1.2",
          "prop-types": "prop-types@15.8.1",
          "react": "react@18.2.0",
          "react-dom": "react-dom@18.2.0_react@18.2.0",
          "react-is": "react-is@18.2.0",
          "react-transition-group": "react-transition-group@4.4.5_react@18.2.0_react-dom@18.2.0__react@18.2.0"
        }
      },
      "@mui/private-theming@5.14.4_react@18.2.0": {
        "integrity": "sha512-ISXsHDiQ3z1XA4IuKn+iXDWvDjcz/UcQBiFZqtdoIsEBt8CB7wgdQf3LwcwqO81dl5ofg/vNQBEnXuKfZHrnYA==",
        "dependencies": {
          "@babel/runtime": "@babel/runtime@7.22.10",
          "@mui/utils": "@mui/utils@5.14.4_react@18.2.0",
          "prop-types": "prop-types@15.8.1",
          "react": "react@18.2.0"
        }
      },
      "@mui/styled-engine@5.13.2_react@18.2.0": {
        "integrity": "sha512-VCYCU6xVtXOrIN8lcbuPmoG+u7FYuOERG++fpY74hPpEWkyFQG97F+/XfTQVYzlR2m7nPjnwVUgATcTCMEaMvw==",
        "dependencies": {
          "@babel/runtime": "@babel/runtime@7.22.10",
          "@emotion/cache": "@emotion/cache@11.11.0",
          "csstype": "csstype@3.1.2",
          "prop-types": "prop-types@15.8.1",
          "react": "react@18.2.0"
        }
      },
      "@mui/system@5.14.4_react@18.2.0": {
        "integrity": "sha512-oPgfWS97QNfHcDBapdkZIs4G5i85BJt69Hp6wbXF6s7vi3Evcmhdk8AbCRW6n0sX4vTj8oe0mh0RIm1G2A1KDA==",
        "dependencies": {
          "@babel/runtime": "@babel/runtime@7.22.10",
          "@mui/private-theming": "@mui/private-theming@5.14.4_react@18.2.0",
          "@mui/styled-engine": "@mui/styled-engine@5.13.2_react@18.2.0",
          "@mui/types": "@mui/types@7.2.4",
          "@mui/utils": "@mui/utils@5.14.4_react@18.2.0",
          "clsx": "clsx@2.0.0",
          "csstype": "csstype@3.1.2",
          "prop-types": "prop-types@15.8.1",
          "react": "react@18.2.0"
        }
      },
      "@mui/types@7.2.4": {
        "integrity": "sha512-LBcwa8rN84bKF+f5sDyku42w1NTxaPgPyYKODsh01U1fVstTClbUoSA96oyRBnSNyEiAVjKm6Gwx9vjR+xyqHA==",
        "dependencies": {}
      },
      "@mui/utils@5.14.4_react@18.2.0": {
        "integrity": "sha512-4ANV0txPD3x0IcTCSEHKDWnsutg1K3m6Vz5IckkbLXVYu17oOZCVUdOKsb/txUmaCd0v0PmSRe5PW+Mlvns5dQ==",
        "dependencies": {
          "@babel/runtime": "@babel/runtime@7.22.10",
          "@types/prop-types": "@types/prop-types@15.7.5",
          "@types/react-is": "@types/react-is@18.2.1",
          "prop-types": "prop-types@15.8.1",
          "react": "react@18.2.0",
          "react-is": "react-is@18.2.0"
        }
      },
      "@popperjs/core@2.11.8": {
        "integrity": "sha512-P1st0aksCrn9sGZhp8GMYwBnQsbvAWsZAX44oXNNvLHGqAOcoVxmjZiohstwQ7SqKnbR47akdNi+uleWD8+g6A==",
        "dependencies": {}
      },
      "@types/prop-types@15.7.5": {
        "integrity": "sha512-JCB8C6SnDoQf0cNycqd/35A7MjcnK+ZTqE7judS6o7utxUCg6imJg3QK2qzHKszlTjcj2cn+NwMB2i96ubpj7w==",
        "dependencies": {}
      },
      "@types/react-is@18.2.1": {
        "integrity": "sha512-wyUkmaaSZEzFZivD8F2ftSyAfk6L+DfFliVj/mYdOXbVjRcS87fQJLTnhk6dRZPuJjI+9g6RZJO4PNCngUrmyw==",
        "dependencies": {
          "@types/react": "@types/react@18.2.20"
        }
      },
      "@types/react-transition-group@4.4.6": {
        "integrity": "sha512-VnCdSxfcm08KjsJVQcfBmhEQAPnLB8G08hAxn39azX1qYBQ/5RVQuoHuKIcfKOdncuaUvEpFKFzEvbtIMsfVew==",
        "dependencies": {
          "@types/react": "@types/react@18.2.20"
        }
      },
      "@types/react@18.2.20": {
        "integrity": "sha512-WKNtmsLWJM/3D5mG4U84cysVY31ivmyw85dE84fOCk5Hx78wezB/XEjVPWl2JTZ5FkEeaTJf+VgUAUn3PE7Isw==",
        "dependencies": {
          "@types/prop-types": "@types/prop-types@15.7.5",
          "@types/scheduler": "@types/scheduler@0.16.3",
          "csstype": "csstype@3.1.2"
        }
      },
      "@types/scheduler@0.16.3": {
        "integrity": "sha512-5cJ8CB4yAx7BH1oMvdU0Jh9lrEXyPkar6F9G/ERswkCuvP4KQZfZkSjcMbAICCpQTN4OuZn8tz0HiKv9TGZgrQ==",
        "dependencies": {}
      },
      "clsx@2.0.0": {
        "integrity": "sha512-rQ1+kcj+ttHG0MKVGBUXwayCCF1oh39BF5COIpRzuCEv8Mwjv0XucrI2ExNTOn9IlLifGClWQcU9BrZORvtw6Q==",
        "dependencies": {}
      },
      "csstype@3.1.2": {
        "integrity": "sha512-I7K1Uu0MBPzaFKg4nI5Q7Vs2t+3gWWW648spaF+Rg7pI9ds18Ugn+lvg4SHczUdKlHI5LWBXyqfS8+DufyBsgQ==",
        "dependencies": {}
      },
      "dom-helpers@5.2.1": {
        "integrity": "sha512-nRCa7CK3VTrM2NmGkIy4cbK7IZlgBE/PYMn55rrXefr5xXDP0LdtfPnblFDoVdcAfslJ7or6iqAUnx0CCGIWQA==",
        "dependencies": {
          "@babel/runtime": "@babel/runtime@7.22.10",
          "csstype": "csstype@3.1.2"
        }
      },
      "js-tokens@4.0.0": {
        "integrity": "sha512-RdJUflcE3cUzKiMqQgsCu06FPu9UdIJO0beYbPhHN4k6apgJtifcoCtT9bcxOpYBtpD2kCM6Sbzg4CausW/PKQ==",
        "dependencies": {}
      },
      "loose-envify@1.4.0": {
        "integrity": "sha512-lyuxPGr/Wfhrlem2CL/UcnUc1zcqKAImBDzukY7Y5F/yQiNdko6+fRLevlw1HgMySw7f611UIY408EtxRSoK3Q==",
        "dependencies": {
          "js-tokens": "js-tokens@4.0.0"
        }
      },
      "object-assign@4.1.1": {
        "integrity": "sha512-rJgTQnkUnH1sFw8yT6VSU3zD3sWmu6sZhIseY8VX+GRu3P6F7Fu+JNDoXfklElbLJSnc3FUQHVe4cU5hj+BcUg==",
        "dependencies": {}
      },
      "prop-types@15.8.1": {
        "integrity": "sha512-oj87CgZICdulUohogVAR7AjlC0327U4el4L6eAvOqCeudMDVU0NThNaV+b9Df4dXgSP1gXMTnPdhfe/2qDH5cg==",
        "dependencies": {
          "loose-envify": "loose-envify@1.4.0",
          "object-assign": "object-assign@4.1.1",
          "react-is": "react-is@16.13.1"
        }
      },
      "react-dom@18.2.0_react@18.2.0": {
        "integrity": "sha512-6IMTriUmvsjHUjNtEDudZfuDQUoWXVxKHhlEGSk81n4YFS+r/Kl99wXiwlVXtPBtJenozv2P+hxDsw9eA7Xo6g==",
        "dependencies": {
          "loose-envify": "loose-envify@1.4.0",
          "react": "react@18.2.0",
          "scheduler": "scheduler@0.23.0"
        }
      },
      "react-is@16.13.1": {
        "integrity": "sha512-24e6ynE2H+OKt4kqsOvNd8kBpV65zoxbA4BVsEOB3ARVWQki/DHzaUoC5KuON/BiccDaCCTZBuOcfZs70kR8bQ==",
        "dependencies": {}
      },
      "react-is@18.2.0": {
        "integrity": "sha512-xWGDIW6x921xtzPkhiULtthJHoJvBbF3q26fzloPCK0hsvxtPVelvftw3zjbHWSkR2km9Z+4uxbDDK/6Zw9B8w==",
        "dependencies": {}
      },
      "react-transition-group@4.4.5_react@18.2.0_react-dom@18.2.0__react@18.2.0": {
        "integrity": "sha512-pZcd1MCJoiKiBR2NRxeCRg13uCXbydPnmB4EOeRrY7480qNWO8IIgQG6zlDkm6uRMsURXPuKq0GWtiM59a5Q6g==",
        "dependencies": {
          "@babel/runtime": "@babel/runtime@7.22.10",
          "dom-helpers": "dom-helpers@5.2.1",
          "loose-envify": "loose-envify@1.4.0",
          "prop-types": "prop-types@15.8.1",
          "react": "react@18.2.0",
          "react-dom": "react-dom@18.2.0_react@18.2.0"
        }
      },
      "react@18.2.0": {
        "integrity": "sha512-/3IjMdb2L9QbBdWiW5e3P2/npwMBaU9mHCSCUzNln0ZCYbcfTsGbTJrU/kGemdH2IWmB2ioZ+zkxtmq6g09fGQ==",
        "dependencies": {
          "loose-envify": "loose-envify@1.4.0"
        }
      },
      "regenerator-runtime@0.14.0": {
        "integrity": "sha512-srw17NI0TUWHuGa5CFGGmhfNIeja30WMBfbslPNhf6JrqQlLN5gcrvig1oqPxiVaXb0oW0XRKtH6Nngs5lKCIA==",
        "dependencies": {}
      },
      "scheduler@0.23.0": {
        "integrity": "sha512-CtuThmgHNg7zIZWAXi3AsyIzA3n4xx7aNyjwC2VJldO2LMVDhFK+63xGqq6CsJH4rTAt6/M+N4GhZiDYPx9eUw==",
        "dependencies": {
          "loose-envify": "loose-envify@1.4.0"
        }
      },
      "stylis@4.2.0": {
        "integrity": "sha512-Orov6g6BB1sDfYgzWfTHDOxamtX1bE/zo104Dh9e6fqJ3PooipYyfJ0pUmrZO2wAvO8YbEyeFrkV91XTsGMSrw==",
        "dependencies": {}
      }
    }
  }
}
